
Microsoft Visual Studio Solution File, Format Version 12.00
# Visual Studio 14
VisualStudioVersion = 14.0.25420.1
MinimumVisualStudioVersion = 10.0.40219.1
Project("{FAE04EC0-301F-11D3-BF4B-00C04F79EFBC}") = "TimekeeperClientApp", "TimekeeperClientApp\TimekeeperClientApp\TimekeeperClientApp.csproj", "{85A6F98A-73D6-4FB4-A9BA-8BA2D7800702}"
EndProject
Project("{FAE04EC0-301F-11D3-BF4B-00C04F79EFBC}") = "TimekeeperClientApp.Droid", "TimekeeperClientApp\TimekeeperClientApp.Droid\TimekeeperClientApp.Droid.csproj", "{715D4E0B-9DE5-48AD-B1A8-4B74B9E21BF7}"
EndProject
Project("{FAE04EC0-301F-11D3-BF4B-00C04F79EFBC}") = "TimekeeperClientApp.iOS", "TimekeeperClientApp\TimekeeperClientApp.iOS\TimekeeperClientApp.iOS.csproj", "{25A1CD9D-CF6A-4EC2-80F5-0B8D3C78957E}"
EndProject
Project("{FAE04EC0-301F-11D3-BF4B-00C04F79EFBC}") = "TimekeeperClientApp.WinPhone", "TimekeeperClientApp\TimekeeperClientApp.WinPhone\TimekeeperClientApp.WinPhone.csproj", "{332FCA6E-DD1C-4930-BDCD-E6E0029C4039}"
EndProject
Project("{FAE04EC0-301F-11D3-BF4B-00C04F79EFBC}") = "TimekeeperClientApp.Windows", "TimekeeperClientApp\TimekeeperClientApp.Windows\TimekeeperClientApp.Windows.csproj", "{77C1B1F9-24C7-4406-86D1-263D58A707B7}"
EndProject
Global
	GlobalSection(SolutionConfigurationPlatforms) = preSolution
		Ad-Hoc|Any CPU = Ad-Hoc|Any CPU
		Ad-Hoc|ARM = Ad-Hoc|ARM
		Ad-Hoc|iPhone = Ad-Hoc|iPhone
		Ad-Hoc|iPhoneSimulator = Ad-Hoc|iPhoneSimulator
		Ad-Hoc|x64 = Ad-Hoc|x64
		Ad-Hoc|x86 = Ad-Hoc|x86
		AppStore|Any CPU = AppStore|Any CPU
		AppStore|ARM = AppStore|ARM
		AppStore|iPhone = AppStore|iPhone
		AppStore|iPhoneSimulator = AppStore|iPhoneSimulator
		AppStore|x64 = AppStore|x64
		AppStore|x86 = AppStore|x86
		Debug|Any CPU = Debug|Any CPU
		Debug|ARM = Debug|ARM
		Debug|iPhone = Debug|iPhone
		Debug|iPhoneSimulator = Debug|iPhoneSimulator
		Debug|x64 = Debug|x64
		Debug|x86 = Debug|x86
		Release|Any CPU = Release|Any CPU
		Release|ARM = Release|ARM
		Release|iPhone = Release|iPhone
		Release|iPhoneSimulator = Release|iPhoneSimulator
		Release|x64 = Release|x64
		Release|x86 = Release|x86
	EndGlobalSection
	GlobalSection(ProjectConfigurationPlatforms) = postSolution
		{85A6F98A-73D6-4FB4-A9BA-8BA2D7800702}.Ad-Hoc|Any CPU.ActiveCfg = Release|Any CPU
		{85A6F98A-73D6-4FB4-A9BA-8BA2D7800702}.Ad-Hoc|Any CPU.Build.0 = Release|Any CPU
		{85A6F98A-73D6-4FB4-A9BA-8BA2D7800702}.Ad-Hoc|ARM.ActiveCfg = Release|Any CPU
		{85A6F98A-73D6-4FB4-A9BA-8BA2D7800702}.Ad-Hoc|ARM.Build.0 = Release|Any CPU
		{85A6F98A-73D6-4FB4-A9BA-8BA2D7800702}.Ad-Hoc|iPhone.ActiveCfg = Release|Any CPU
		{85A6F98A-73D6-4FB4-A9BA-8BA2D7800702}.Ad-Hoc|iPhone.Build.0 = Release|Any CPU
		{85A6F98A-73D6-4FB4-A9BA-8BA2D7800702}.Ad-Hoc|iPhoneSimulator.ActiveCfg = Release|Any CPU
		{85A6F98A-73D6-4FB4-A9BA-8BA2D7800702}.Ad-Hoc|iPhoneSimulator.Build.0 = Release|Any CPU
		{85A6F98A-73D6-4FB4-A9BA-8BA2D7800702}.Ad-Hoc|x64.ActiveCfg = Release|Any CPU
		{85A6F98A-73D6-4FB4-A9BA-8BA2D7800702}.Ad-Hoc|x64.Build.0 = Release|Any CPU
		{85A6F98A-73D6-4FB4-A9BA-8BA2D7800702}.Ad-Hoc|x86.ActiveCfg = Release|Any CPU
		{85A6F98A-73D6-4FB4-A9BA-8BA2D7800702}.Ad-Hoc|x86.Build.0 = Release|Any CPU
		{85A6F98A-73D6-4FB4-A9BA-8BA2D7800702}.AppStore|Any CPU.ActiveCfg = Release|Any CPU
		{85A6F98A-73D6-4FB4-A9BA-8BA2D7800702}.AppStore|Any CPU.Build.0 = Release|Any CPU
		{85A6F98A-73D6-4FB4-A9BA-8BA2D7800702}.AppStore|ARM.ActiveCfg = Release|Any CPU
		{85A6F98A-73D6-4FB4-A9BA-8BA2D7800702}.AppStore|ARM.Build.0 = Release|Any CPU
		{85A6F98A-73D6-4FB4-A9BA-8BA2D7800702}.AppStore|iPhone.ActiveCfg = Release|Any CPU
		{85A6F98A-73D6-4FB4-A9BA-8BA2D7800702}.AppStore|iPhone.Build.0 = Release|Any CPU
		{85A6F98A-73D6-4FB4-A9BA-8BA2D7800702}.AppStore|iPhoneSimulator.ActiveCfg = Release|Any CPU
		{85A6F98A-73D6-4FB4-A9BA-8BA2D7800702}.AppStore|iPhoneSimulator.Build.0 = Release|Any CPU
		{85A6F98A-73D6-4FB4-A9BA-8BA2D7800702}.AppStore|x64.ActiveCfg = Release|Any CPU
		{85A6F98A-73D6-4FB4-A9BA-8BA2D7800702}.AppStore|x64.Build.0 = Release|Any CPU
		{85A6F98A-73D6-4FB4-A9BA-8BA2D7800702}.AppStore|x86.ActiveCfg = Release|Any CPU
		{85A6F98A-73D6-4FB4-A9BA-8BA2D7800702}.AppStore|x86.Build.0 = Release|Any CPU
		{85A6F98A-73D6-4FB4-A9BA-8BA2D7800702}.Debug|Any CPU.ActiveCfg = Debug|Any CPU
		{85A6F98A-73D6-4FB4-A9BA-8BA2D7800702}.Debug|Any CPU.Build.0 = Debug|Any CPU
		{85A6F98A-73D6-4FB4-A9BA-8BA2D7800702}.Debug|ARM.ActiveCfg = Debug|Any CPU
		{85A6F98A-73D6-4FB4-A9BA-8BA2D7800702}.Debug|ARM.Build.0 = Debug|Any CPU
		{85A6F98A-73D6-4FB4-A9BA-8BA2D7800702}.Debug|iPhone.ActiveCfg = Debug|Any CPU
		{85A6F98A-73D6-4FB4-A9BA-8BA2D7800702}.Debug|iPhone.Build.0 = Debug|Any CPU
		{85A6F98A-73D6-4FB4-A9BA-8BA2D7800702}.Debug|iPhoneSimulator.ActiveCfg = Debug|Any CPU
		{85A6F98A-73D6-4FB4-A9BA-8BA2D7800702}.Debug|iPhoneSimulator.Build.0 = Debug|Any CPU
		{85A6F98A-73D6-4FB4-A9BA-8BA2D7800702}.Debug|x64.ActiveCfg = Debug|Any CPU
		{85A6F98A-73D6-4FB4-A9BA-8BA2D7800702}.Debug|x64.Build.0 = Debug|Any CPU
		{85A6F98A-73D6-4FB4-A9BA-8BA2D7800702}.Debug|x64.Deploy.0 = Debug|Any CPU
		{85A6F98A-73D6-4FB4-A9BA-8BA2D7800702}.Debug|x86.ActiveCfg = Debug|Any CPU
		{85A6F98A-73D6-4FB4-A9BA-8BA2D7800702}.Debug|x86.Build.0 = Debug|Any CPU
		{85A6F98A-73D6-4FB4-A9BA-8BA2D7800702}.Release|Any CPU.ActiveCfg = Release|Any CPU
		{85A6F98A-73D6-4FB4-A9BA-8BA2D7800702}.Release|Any CPU.Build.0 = Release|Any CPU
		{85A6F98A-73D6-4FB4-A9BA-8BA2D7800702}.Release|ARM.ActiveCfg = Release|Any CPU
		{85A6F98A-73D6-4FB4-A9BA-8BA2D7800702}.Release|ARM.Build.0 = Release|Any CPU
		{85A6F98A-73D6-4FB4-A9BA-8BA2D7800702}.Release|iPhone.ActiveCfg = Release|Any CPU
		{85A6F98A-73D6-4FB4-A9BA-8BA2D7800702}.Release|iPhone.Build.0 = Release|Any CPU
		{85A6F98A-73D6-4FB4-A9BA-8BA2D7800702}.Release|iPhoneSimulator.ActiveCfg = Release|Any CPU
		{85A6F98A-73D6-4FB4-A9BA-8BA2D7800702}.Release|iPhoneSimulator.Build.0 = Release|Any CPU
		{85A6F98A-73D6-4FB4-A9BA-8BA2D7800702}.Release|x64.ActiveCfg = Release|Any CPU
		{85A6F98A-73D6-4FB4-A9BA-8BA2D7800702}.Release|x64.Build.0 = Release|Any CPU
		{85A6F98A-73D6-4FB4-A9BA-8BA2D7800702}.Release|x86.ActiveCfg = Release|Any CPU
		{85A6F98A-73D6-4FB4-A9BA-8BA2D7800702}.Release|x86.Build.0 = Release|Any CPU
		{715D4E0B-9DE5-48AD-B1A8-4B74B9E21BF7}.Ad-Hoc|Any CPU.ActiveCfg = Release|Any CPU
		{715D4E0B-9DE5-48AD-B1A8-4B74B9E21BF7}.Ad-Hoc|Any CPU.Build.0 = Release|Any CPU
		{715D4E0B-9DE5-48AD-B1A8-4B74B9E21BF7}.Ad-Hoc|Any CPU.Deploy.0 = Release|Any CPU
		{715D4E0B-9DE5-48AD-B1A8-4B74B9E21BF7}.Ad-Hoc|ARM.ActiveCfg = Release|Any CPU
		{715D4E0B-9DE5-48AD-B1A8-4B74B9E21BF7}.Ad-Hoc|ARM.Build.0 = Release|Any CPU
		{715D4E0B-9DE5-48AD-B1A8-4B74B9E21BF7}.Ad-Hoc|ARM.Deploy.0 = Release|Any CPU
		{715D4E0B-9DE5-48AD-B1A8-4B74B9E21BF7}.Ad-Hoc|iPhone.ActiveCfg = Release|Any CPU
		{715D4E0B-9DE5-48AD-B1A8-4B74B9E21BF7}.Ad-Hoc|iPhone.Build.0 = Release|Any CPU
		{715D4E0B-9DE5-48AD-B1A8-4B74B9E21BF7}.Ad-Hoc|iPhone.Deploy.0 = Release|Any CPU
		{715D4E0B-9DE5-48AD-B1A8-4B74B9E21BF7}.Ad-Hoc|iPhoneSimulator.ActiveCfg = Release|Any CPU
		{715D4E0B-9DE5-48AD-B1A8-4B74B9E21BF7}.Ad-Hoc|iPhoneSimulator.Build.0 = Release|Any CPU
		{715D4E0B-9DE5-48AD-B1A8-4B74B9E21BF7}.Ad-Hoc|iPhoneSimulator.Deploy.0 = Release|Any CPU
		{715D4E0B-9DE5-48AD-B1A8-4B74B9E21BF7}.Ad-Hoc|x64.ActiveCfg = Release|Any CPU
		{715D4E0B-9DE5-48AD-B1A8-4B74B9E21BF7}.Ad-Hoc|x64.Build.0 = Release|Any CPU
		{715D4E0B-9DE5-48AD-B1A8-4B74B9E21BF7}.Ad-Hoc|x64.Deploy.0 = Release|Any CPU
		{715D4E0B-9DE5-48AD-B1A8-4B74B9E21BF7}.Ad-Hoc|x86.ActiveCfg = Release|Any CPU
		{715D4E0B-9DE5-48AD-B1A8-4B74B9E21BF7}.Ad-Hoc|x86.Build.0 = Release|Any CPU
		{715D4E0B-9DE5-48AD-B1A8-4B74B9E21BF7}.Ad-Hoc|x86.Deploy.0 = Release|Any CPU
		{715D4E0B-9DE5-48AD-B1A8-4B74B9E21BF7}.AppStore|Any CPU.ActiveCfg = Release|Any CPU
		{715D4E0B-9DE5-48AD-B1A8-4B74B9E21BF7}.AppStore|Any CPU.Build.0 = Release|Any CPU
		{715D4E0B-9DE5-48AD-B1A8-4B74B9E21BF7}.AppStore|Any CPU.Deploy.0 = Release|Any CPU
		{715D4E0B-9DE5-48AD-B1A8-4B74B9E21BF7}.AppStore|ARM.ActiveCfg = Release|Any CPU
		{715D4E0B-9DE5-48AD-B1A8-4B74B9E21BF7}.AppStore|ARM.Build.0 = Release|Any CPU
		{715D4E0B-9DE5-48AD-B1A8-4B74B9E21BF7}.AppStore|ARM.Deploy.0 = Release|Any CPU
		{715D4E0B-9DE5-48AD-B1A8-4B74B9E21BF7}.AppStore|iPhone.ActiveCfg = Release|Any CPU
		{715D4E0B-9DE5-48AD-B1A8-4B74B9E21BF7}.AppStore|iPhone.Build.0 = Release|Any CPU
		{715D4E0B-9DE5-48AD-B1A8-4B74B9E21BF7}.AppStore|iPhone.Deploy.0 = Release|Any CPU
		{715D4E0B-9DE5-48AD-B1A8-4B74B9E21BF7}.AppStore|iPhoneSimulator.ActiveCfg = Release|Any CPU
		{715D4E0B-9DE5-48AD-B1A8-4B74B9E21BF7}.AppStore|iPhoneSimulator.Build.0 = Release|Any CPU
		{715D4E0B-9DE5-48AD-B1A8-4B74B9E21BF7}.AppStore|iPhoneSimulator.Deploy.0 = Release|Any CPU
		{715D4E0B-9DE5-48AD-B1A8-4B74B9E21BF7}.AppStore|x64.ActiveCfg = Release|Any CPU
		{715D4E0B-9DE5-48AD-B1A8-4B74B9E21BF7}.AppStore|x64.Build.0 = Release|Any CPU
		{715D4E0B-9DE5-48AD-B1A8-4B74B9E21BF7}.AppStore|x64.Deploy.0 = Release|Any CPU
		{715D4E0B-9DE5-48AD-B1A8-4B74B9E21BF7}.AppStore|x86.ActiveCfg = Release|Any CPU
		{715D4E0B-9DE5-48AD-B1A8-4B74B9E21BF7}.AppStore|x86.Build.0 = Release|Any CPU
		{715D4E0B-9DE5-48AD-B1A8-4B74B9E21BF7}.AppStore|x86.Deploy.0 = Release|Any CPU
		{715D4E0B-9DE5-48AD-B1A8-4B74B9E21BF7}.Debug|Any CPU.ActiveCfg = Debug|Any CPU
		{715D4E0B-9DE5-48AD-B1A8-4B74B9E21BF7}.Debug|Any CPU.Build.0 = Debug|Any CPU
		{715D4E0B-9DE5-48AD-B1A8-4B74B9E21BF7}.Debug|Any CPU.Deploy.0 = Debug|Any CPU
		{715D4E0B-9DE5-48AD-B1A8-4B74B9E21BF7}.Debug|ARM.ActiveCfg = Debug|Any CPU
		{715D4E0B-9DE5-48AD-B1A8-4B74B9E21BF7}.Debug|ARM.Build.0 = Debug|Any CPU
		{715D4E0B-9DE5-48AD-B1A8-4B74B9E21BF7}.Debug|ARM.Deploy.0 = Debug|Any CPU
		{715D4E0B-9DE5-48AD-B1A8-4B74B9E21BF7}.Debug|iPhone.ActiveCfg = Debug|Any CPU
		{715D4E0B-9DE5-48AD-B1A8-4B74B9E21BF7}.Debug|iPhone.Build.0 = Debug|Any CPU
		{715D4E0B-9DE5-48AD-B1A8-4B74B9E21BF7}.Debug|iPhone.Deploy.0 = Debug|Any CPU
		{715D4E0B-9DE5-48AD-B1A8-4B74B9E21BF7}.Debug|iPhoneSimulator.ActiveCfg = Debug|Any CPU
		{715D4E0B-9DE5-48AD-B1A8-4B74B9E21BF7}.Debug|iPhoneSimulator.Build.0 = Debug|Any CPU
		{715D4E0B-9DE5-48AD-B1A8-4B74B9E21BF7}.Debug|iPhoneSimulator.Deploy.0 = Debug|Any CPU
		{715D4E0B-9DE5-48AD-B1A8-4B74B9E21BF7}.Debug|x64.ActiveCfg = Debug|Any CPU
		{715D4E0B-9DE5-48AD-B1A8-4B74B9E21BF7}.Debug|x64.Build.0 = Debug|Any CPU
		{715D4E0B-9DE5-48AD-B1A8-4B74B9E21BF7}.Debug|x64.Deploy.0 = Debug|Any CPU
		{715D4E0B-9DE5-48AD-B1A8-4B74B9E21BF7}.Debug|x86.ActiveCfg = Debug|Any CPU
		{715D4E0B-9DE5-48AD-B1A8-4B74B9E21BF7}.Debug|x86.Build.0 = Debug|Any CPU
		{715D4E0B-9DE5-48AD-B1A8-4B74B9E21BF7}.Debug|x86.Deploy.0 = Debug|Any CPU
		{715D4E0B-9DE5-48AD-B1A8-4B74B9E21BF7}.Release|Any CPU.ActiveCfg = Release|Any CPU
		{715D4E0B-9DE5-48AD-B1A8-4B74B9E21BF7}.Release|Any CPU.Build.0 = Release|Any CPU
		{715D4E0B-9DE5-48AD-B1A8-4B74B9E21BF7}.Release|Any CPU.Deploy.0 = Release|Any CPU
		{715D4E0B-9DE5-48AD-B1A8-4B74B9E21BF7}.Release|ARM.ActiveCfg = Release|Any CPU
		{715D4E0B-9DE5-48AD-B1A8-4B74B9E21BF7}.Release|ARM.Build.0 = Release|Any CPU
		{715D4E0B-9DE5-48AD-B1A8-4B74B9E21BF7}.Release|ARM.Deploy.0 = Release|Any CPU
		{715D4E0B-9DE5-48AD-B1A8-4B74B9E21BF7}.Release|iPhone.ActiveCfg = Release|Any CPU
		{715D4E0B-9DE5-48AD-B1A8-4B74B9E21BF7}.Release|iPhone.Build.0 = Release|Any CPU
		{715D4E0B-9DE5-48AD-B1A8-4B74B9E21BF7}.Release|iPhone.Deploy.0 = Release|Any CPU
		{715D4E0B-9DE5-48AD-B1A8-4B74B9E21BF7}.Release|iPhoneSimulator.ActiveCfg = Release|Any CPU
		{715D4E0B-9DE5-48AD-B1A8-4B74B9E21BF7}.Release|iPhoneSimulator.Build.0 = Release|Any CPU
		{715D4E0B-9DE5-48AD-B1A8-4B74B9E21BF7}.Release|iPhoneSimulator.Deploy.0 = Release|Any CPU
		{715D4E0B-9DE5-48AD-B1A8-4B74B9E21BF7}.Release|x64.ActiveCfg = Release|Any CPU
		{715D4E0B-9DE5-48AD-B1A8-4B74B9E21BF7}.Release|x64.Build.0 = Release|Any CPU
		{715D4E0B-9DE5-48AD-B1A8-4B74B9E21BF7}.Release|x64.Deploy.0 = Release|Any CPU
		{715D4E0B-9DE5-48AD-B1A8-4B74B9E21BF7}.Release|x86.ActiveCfg = Release|Any CPU
		{715D4E0B-9DE5-48AD-B1A8-4B74B9E21BF7}.Release|x86.Build.0 = Release|Any CPU
		{715D4E0B-9DE5-48AD-B1A8-4B74B9E21BF7}.Release|x86.Deploy.0 = Release|Any CPU
		{25A1CD9D-CF6A-4EC2-80F5-0B8D3C78957E}.Ad-Hoc|Any CPU.ActiveCfg = Ad-Hoc|iPhone
		{25A1CD9D-CF6A-4EC2-80F5-0B8D3C78957E}.Ad-Hoc|ARM.ActiveCfg = Ad-Hoc|iPhone
		{25A1CD9D-CF6A-4EC2-80F5-0B8D3C78957E}.Ad-Hoc|iPhone.ActiveCfg = Ad-Hoc|iPhone
		{25A1CD9D-CF6A-4EC2-80F5-0B8D3C78957E}.Ad-Hoc|iPhone.Build.0 = Ad-Hoc|iPhone
		{25A1CD9D-CF6A-4EC2-80F5-0B8D3C78957E}.Ad-Hoc|iPhoneSimulator.ActiveCfg = Ad-Hoc|iPhoneSimulator
		{25A1CD9D-CF6A-4EC2-80F5-0B8D3C78957E}.Ad-Hoc|iPhoneSimulator.Build.0 = Ad-Hoc|iPhoneSimulator
		{25A1CD9D-CF6A-4EC2-80F5-0B8D3C78957E}.Ad-Hoc|x64.ActiveCfg = Ad-Hoc|iPhone
		{25A1CD9D-CF6A-4EC2-80F5-0B8D3C78957E}.Ad-Hoc|x86.ActiveCfg = Ad-Hoc|iPhone
		{25A1CD9D-CF6A-4EC2-80F5-0B8D3C78957E}.AppStore|Any CPU.ActiveCfg = AppStore|iPhone
		{25A1CD9D-CF6A-4EC2-80F5-0B8D3C78957E}.AppStore|ARM.ActiveCfg = AppStore|iPhone
		{25A1CD9D-CF6A-4EC2-80F5-0B8D3C78957E}.AppStore|iPhone.ActiveCfg = AppStore|iPhone
		{25A1CD9D-CF6A-4EC2-80F5-0B8D3C78957E}.AppStore|iPhone.Build.0 = AppStore|iPhone
		{25A1CD9D-CF6A-4EC2-80F5-0B8D3C78957E}.AppStore|iPhoneSimulator.ActiveCfg = AppStore|iPhoneSimulator
		{25A1CD9D-CF6A-4EC2-80F5-0B8D3C78957E}.AppStore|iPhoneSimulator.Build.0 = AppStore|iPhoneSimulator
		{25A1CD9D-CF6A-4EC2-80F5-0B8D3C78957E}.AppStore|x64.ActiveCfg = AppStore|iPhone
		{25A1CD9D-CF6A-4EC2-80F5-0B8D3C78957E}.AppStore|x86.ActiveCfg = AppStore|iPhone
		{25A1CD9D-CF6A-4EC2-80F5-0B8D3C78957E}.Debug|Any CPU.ActiveCfg = Debug|iPhone
		{25A1CD9D-CF6A-4EC2-80F5-0B8D3C78957E}.Debug|Any CPU.Build.0 = Debug|iPhone
		{25A1CD9D-CF6A-4EC2-80F5-0B8D3C78957E}.Debug|ARM.ActiveCfg = Debug|iPhone
		{25A1CD9D-CF6A-4EC2-80F5-0B8D3C78957E}.Debug|iPhone.ActiveCfg = Debug|iPhone
		{25A1CD9D-CF6A-4EC2-80F5-0B8D3C78957E}.Debug|iPhone.Build.0 = Debug|iPhone
		{25A1CD9D-CF6A-4EC2-80F5-0B8D3C78957E}.Debug|iPhoneSimulator.ActiveCfg = Debug|iPhoneSimulator
		{25A1CD9D-CF6A-4EC2-80F5-0B8D3C78957E}.Debug|iPhoneSimulator.Build.0 = Debug|iPhoneSimulator
		{25A1CD9D-CF6A-4EC2-80F5-0B8D3C78957E}.Debug|x64.ActiveCfg = Debug|iPhone
		{25A1CD9D-CF6A-4EC2-80F5-0B8D3C78957E}.Debug|x64.Build.0 = Debug|iPhone
		{25A1CD9D-CF6A-4EC2-80F5-0B8D3C78957E}.Debug|x86.ActiveCfg = Debug|iPhone
		{25A1CD9D-CF6A-4EC2-80F5-0B8D3C78957E}.Release|Any CPU.ActiveCfg = Release|iPhone
		{25A1CD9D-CF6A-4EC2-80F5-0B8D3C78957E}.Release|ARM.ActiveCfg = Release|iPhone
		{25A1CD9D-CF6A-4EC2-80F5-0B8D3C78957E}.Release|iPhone.ActiveCfg = Release|iPhone
		{25A1CD9D-CF6A-4EC2-80F5-0B8D3C78957E}.Release|iPhone.Build.0 = Release|iPhone
		{25A1CD9D-CF6A-4EC2-80F5-0B8D3C78957E}.Release|iPhoneSimulator.ActiveCfg = Release|iPhoneSimulator
		{25A1CD9D-CF6A-4EC2-80F5-0B8D3C78957E}.Release|iPhoneSimulator.Build.0 = Release|iPhoneSimulator
		{25A1CD9D-CF6A-4EC2-80F5-0B8D3C78957E}.Release|x64.ActiveCfg = Release|iPhone
		{25A1CD9D-CF6A-4EC2-80F5-0B8D3C78957E}.Release|x86.ActiveCfg = Release|iPhone
		{332FCA6E-DD1C-4930-BDCD-E6E0029C4039}.Ad-Hoc|Any CPU.ActiveCfg = Release|Any CPU
		{332FCA6E-DD1C-4930-BDCD-E6E0029C4039}.Ad-Hoc|Any CPU.Build.0 = Release|Any CPU
		{332FCA6E-DD1C-4930-BDCD-E6E0029C4039}.Ad-Hoc|Any CPU.Deploy.0 = Release|Any CPU
		{332FCA6E-DD1C-4930-BDCD-E6E0029C4039}.Ad-Hoc|ARM.ActiveCfg = Release|ARM
		{332FCA6E-DD1C-4930-BDCD-E6E0029C4039}.Ad-Hoc|ARM.Build.0 = Release|ARM
		{332FCA6E-DD1C-4930-BDCD-E6E0029C4039}.Ad-Hoc|ARM.Deploy.0 = Release|ARM
		{332FCA6E-DD1C-4930-BDCD-E6E0029C4039}.Ad-Hoc|iPhone.ActiveCfg = Release|Any CPU
		{332FCA6E-DD1C-4930-BDCD-E6E0029C4039}.Ad-Hoc|iPhone.Build.0 = Release|Any CPU
		{332FCA6E-DD1C-4930-BDCD-E6E0029C4039}.Ad-Hoc|iPhone.Deploy.0 = Release|Any CPU
		{332FCA6E-DD1C-4930-BDCD-E6E0029C4039}.Ad-Hoc|iPhoneSimulator.ActiveCfg = Release|Any CPU
		{332FCA6E-DD1C-4930-BDCD-E6E0029C4039}.Ad-Hoc|iPhoneSimulator.Build.0 = Release|Any CPU
		{332FCA6E-DD1C-4930-BDCD-E6E0029C4039}.Ad-Hoc|iPhoneSimulator.Deploy.0 = Release|Any CPU
		{332FCA6E-DD1C-4930-BDCD-E6E0029C4039}.Ad-Hoc|x64.ActiveCfg = Release|Any CPU
		{332FCA6E-DD1C-4930-BDCD-E6E0029C4039}.Ad-Hoc|x64.Build.0 = Release|Any CPU
		{332FCA6E-DD1C-4930-BDCD-E6E0029C4039}.Ad-Hoc|x64.Deploy.0 = Release|Any CPU
		{332FCA6E-DD1C-4930-BDCD-E6E0029C4039}.Ad-Hoc|x86.ActiveCfg = Release|x86
		{332FCA6E-DD1C-4930-BDCD-E6E0029C4039}.Ad-Hoc|x86.Build.0 = Release|x86
		{332FCA6E-DD1C-4930-BDCD-E6E0029C4039}.Ad-Hoc|x86.Deploy.0 = Release|x86
		{332FCA6E-DD1C-4930-BDCD-E6E0029C4039}.AppStore|Any CPU.ActiveCfg = Release|Any CPU
		{332FCA6E-DD1C-4930-BDCD-E6E0029C4039}.AppStore|Any CPU.Build.0 = Release|Any CPU
		{332FCA6E-DD1C-4930-BDCD-E6E0029C4039}.AppStore|Any CPU.Deploy.0 = Release|Any CPU
		{332FCA6E-DD1C-4930-BDCD-E6E0029C4039}.AppStore|ARM.ActiveCfg = Release|ARM
		{332FCA6E-DD1C-4930-BDCD-E6E0029C4039}.AppStore|ARM.Build.0 = Release|ARM
		{332FCA6E-DD1C-4930-BDCD-E6E0029C4039}.AppStore|ARM.Deploy.0 = Release|ARM
		{332FCA6E-DD1C-4930-BDCD-E6E0029C4039}.AppStore|iPhone.ActiveCfg = Release|Any CPU
		{332FCA6E-DD1C-4930-BDCD-E6E0029C4039}.AppStore|iPhone.Build.0 = Release|Any CPU
		{332FCA6E-DD1C-4930-BDCD-E6E0029C4039}.AppStore|iPhone.Deploy.0 = Release|Any CPU
		{332FCA6E-DD1C-4930-BDCD-E6E0029C4039}.AppStore|iPhoneSimulator.ActiveCfg = Release|Any CPU
		{332FCA6E-DD1C-4930-BDCD-E6E0029C4039}.AppStore|iPhoneSimulator.Build.0 = Release|Any CPU
		{332FCA6E-DD1C-4930-BDCD-E6E0029C4039}.AppStore|iPhoneSimulator.Deploy.0 = Release|Any CPU
		{332FCA6E-DD1C-4930-BDCD-E6E0029C4039}.AppStore|x64.ActiveCfg = Release|Any CPU
		{332FCA6E-DD1C-4930-BDCD-E6E0029C4039}.AppStore|x64.Build.0 = Release|Any CPU
		{332FCA6E-DD1C-4930-BDCD-E6E0029C4039}.AppStore|x64.Deploy.0 = Release|Any CPU
		{332FCA6E-DD1C-4930-BDCD-E6E0029C4039}.AppStore|x86.ActiveCfg = Release|x86
		{332FCA6E-DD1C-4930-BDCD-E6E0029C4039}.AppStore|x86.Build.0 = Release|x86
		{332FCA6E-DD1C-4930-BDCD-E6E0029C4039}.AppStore|x86.Deploy.0 = Release|x86
		{332FCA6E-DD1C-4930-BDCD-E6E0029C4039}.Debug|Any CPU.ActiveCfg = Debug|Any CPU
		{332FCA6E-DD1C-4930-BDCD-E6E0029C4039}.Debug|Any CPU.Build.0 = Debug|Any CPU
		{332FCA6E-DD1C-4930-BDCD-E6E0029C4039}.Debug|Any CPU.Deploy.0 = Debug|Any CPU
		{332FCA6E-DD1C-4930-BDCD-E6E0029C4039}.Debug|ARM.ActiveCfg = Debug|ARM
		{332FCA6E-DD1C-4930-BDCD-E6E0029C4039}.Debug|ARM.Build.0 = Debug|ARM
		{332FCA6E-DD1C-4930-BDCD-E6E0029C4039}.Debug|ARM.Deploy.0 = Debug|ARM
		{332FCA6E-DD1C-4930-BDCD-E6E0029C4039}.Debug|iPhone.ActiveCfg = Debug|Any CPU
		{332FCA6E-DD1C-4930-BDCD-E6E0029C4039}.Debug|iPhone.Build.0 = Debug|Any CPU
		{332FCA6E-DD1C-4930-BDCD-E6E0029C4039}.Debug|iPhone.Deploy.0 = Debug|Any CPU
		{332FCA6E-DD1C-4930-BDCD-E6E0029C4039}.Debug|iPhoneSimulator.ActiveCfg = Debug|Any CPU
		{332FCA6E-DD1C-4930-BDCD-E6E0029C4039}.Debug|iPhoneSimulator.Build.0 = Debug|Any CPU
		{332FCA6E-DD1C-4930-BDCD-E6E0029C4039}.Debug|iPhoneSimulator.Deploy.0 = Debug|Any CPU
		{332FCA6E-DD1C-4930-BDCD-E6E0029C4039}.Debug|x64.ActiveCfg = Debug|Any CPU
		{332FCA6E-DD1C-4930-BDCD-E6E0029C4039}.Debug|x64.Build.0 = Debug|Any CPU
		{332FCA6E-DD1C-4930-BDCD-E6E0029C4039}.Debug|x64.Deploy.0 = Debug|Any CPU
		{332FCA6E-DD1C-4930-BDCD-E6E0029C4039}.Debug|x86.ActiveCfg = Debug|x86
		{332FCA6E-DD1C-4930-BDCD-E6E0029C4039}.Debug|x86.Build.0 = Debug|x86
		{332FCA6E-DD1C-4930-BDCD-E6E0029C4039}.Debug|x86.Deploy.0 = Debug|x86
		{332FCA6E-DD1C-4930-BDCD-E6E0029C4039}.Release|Any CPU.ActiveCfg = Release|Any CPU
		{332FCA6E-DD1C-4930-BDCD-E6E0029C4039}.Release|Any CPU.Build.0 = Release|Any CPU
		{332FCA6E-DD1C-4930-BDCD-E6E0029C4039}.Release|Any CPU.Deploy.0 = Release|Any CPU
		{332FCA6E-DD1C-4930-BDCD-E6E0029C4039}.Release|ARM.ActiveCfg = Release|ARM
		{332FCA6E-DD1C-4930-BDCD-E6E0029C4039}.Release|ARM.Build.0 = Release|ARM
		{332FCA6E-DD1C-4930-BDCD-E6E0029C4039}.Release|ARM.Deploy.0 = Release|ARM
		{332FCA6E-DD1C-4930-BDCD-E6E0029C4039}.Release|iPhone.ActiveCfg = Release|Any CPU
		{332FCA6E-DD1C-4930-BDCD-E6E0029C4039}.Release|iPhone.Build.0 = Release|Any CPU
		{332FCA6E-DD1C-4930-BDCD-E6E0029C4039}.Release|iPhone.Deploy.0 = Release|Any CPU
		{332FCA6E-DD1C-4930-BDCD-E6E0029C4039}.Release|iPhoneSimulator.ActiveCfg = Release|Any CPU
		{332FCA6E-DD1C-4930-BDCD-E6E0029C4039}.Release|iPhoneSimulator.Build.0 = Release|Any CPU
		{332FCA6E-DD1C-4930-BDCD-E6E0029C4039}.Release|iPhoneSimulator.Deploy.0 = Release|Any CPU
		{332FCA6E-DD1C-4930-BDCD-E6E0029C4039}.Release|x64.ActiveCfg = Release|Any CPU
		{332FCA6E-DD1C-4930-BDCD-E6E0029C4039}.Release|x64.Build.0 = Release|Any CPU
		{332FCA6E-DD1C-4930-BDCD-E6E0029C4039}.Release|x64.Deploy.0 = Release|Any CPU
		{332FCA6E-DD1C-4930-BDCD-E6E0029C4039}.Release|x86.ActiveCfg = Release|x86
		{332FCA6E-DD1C-4930-BDCD-E6E0029C4039}.Release|x86.Build.0 = Release|x86
		{332FCA6E-DD1C-4930-BDCD-E6E0029C4039}.Release|x86.Deploy.0 = Release|x86
		{77C1B1F9-24C7-4406-86D1-263D58A707B7}.Ad-Hoc|Any CPU.ActiveCfg = Release|Any CPU
		{77C1B1F9-24C7-4406-86D1-263D58A707B7}.Ad-Hoc|Any CPU.Build.0 = Release|Any CPU
		{77C1B1F9-24C7-4406-86D1-263D58A707B7}.Ad-Hoc|Any CPU.Deploy.0 = Release|Any CPU
		{77C1B1F9-24C7-4406-86D1-263D58A707B7}.Ad-Hoc|ARM.ActiveCfg = Release|ARM
		{77C1B1F9-24C7-4406-86D1-263D58A707B7}.Ad-Hoc|ARM.Build.0 = Release|ARM
		{77C1B1F9-24C7-4406-86D1-263D58A707B7}.Ad-Hoc|ARM.Deploy.0 = Release|ARM
		{77C1B1F9-24C7-4406-86D1-263D58A707B7}.Ad-Hoc|iPhone.ActiveCfg = Release|Any CPU
		{77C1B1F9-24C7-4406-86D1-263D58A707B7}.Ad-Hoc|iPhone.Build.0 = Release|Any CPU
		{77C1B1F9-24C7-4406-86D1-263D58A707B7}.Ad-Hoc|iPhone.Deploy.0 = Release|Any CPU
		{77C1B1F9-24C7-4406-86D1-263D58A707B7}.Ad-Hoc|iPhoneSimulator.ActiveCfg = Release|Any CPU
		{77C1B1F9-24C7-4406-86D1-263D58A707B7}.Ad-Hoc|iPhoneSimulator.Build.0 = Release|Any CPU
		{77C1B1F9-24C7-4406-86D1-263D58A707B7}.Ad-Hoc|iPhoneSimulator.Deploy.0 = Release|Any CPU
		{77C1B1F9-24C7-4406-86D1-263D58A707B7}.Ad-Hoc|x64.ActiveCfg = Release|x64
		{77C1B1F9-24C7-4406-86D1-263D58A707B7}.Ad-Hoc|x64.Build.0 = Release|x64
		{77C1B1F9-24C7-4406-86D1-263D58A707B7}.Ad-Hoc|x64.Deploy.0 = Release|x64
		{77C1B1F9-24C7-4406-86D1-263D58A707B7}.Ad-Hoc|x86.ActiveCfg = Release|x86
		{77C1B1F9-24C7-4406-86D1-263D58A707B7}.Ad-Hoc|x86.Build.0 = Release|x86
		{77C1B1F9-24C7-4406-86D1-263D58A707B7}.Ad-Hoc|x86.Deploy.0 = Release|x86
		{77C1B1F9-24C7-4406-86D1-263D58A707B7}.AppStore|Any CPU.ActiveCfg = Release|Any CPU
		{77C1B1F9-24C7-4406-86D1-263D58A707B7}.AppStore|Any CPU.Build.0 = Release|Any CPU
		{77C1B1F9-24C7-4406-86D1-263D58A707B7}.AppStore|Any CPU.Deploy.0 = Release|Any CPU
		{77C1B1F9-24C7-4406-86D1-263D58A707B7}.AppStore|ARM.ActiveCfg = Release|ARM
		{77C1B1F9-24C7-4406-86D1-263D58A707B7}.AppStore|ARM.Build.0 = Release|ARM
		{77C1B1F9-24C7-4406-86D1-263D58A707B7}.AppStore|ARM.Deploy.0 = Release|ARM
		{77C1B1F9-24C7-4406-86D1-263D58A707B7}.AppStore|iPhone.ActiveCfg = Release|Any CPU
		{77C1B1F9-24C7-4406-86D1-263D58A707B7}.AppStore|iPhone.Build.0 = Release|Any CPU
		{77C1B1F9-24C7-4406-86D1-263D58A707B7}.AppStore|iPhone.Deploy.0 = Release|Any CPU
		{77C1B1F9-24C7-4406-86D1-263D58A707B7}.AppStore|iPhoneSimulator.ActiveCfg = Release|Any CPU
		{77C1B1F9-24C7-4406-86D1-263D58A707B7}.AppStore|iPhoneSimulator.Build.0 = Release|Any CPU
		{77C1B1F9-24C7-4406-86D1-263D58A707B7}.AppStore|iPhoneSimulator.Deploy.0 = Release|Any CPU
		{77C1B1F9-24C7-4406-86D1-263D58A707B7}.AppStore|x64.ActiveCfg = Release|x64
		{77C1B1F9-24C7-4406-86D1-263D58A707B7}.AppStore|x64.Build.0 = Release|x64
		{77C1B1F9-24C7-4406-86D1-263D58A707B7}.AppStore|x64.Deploy.0 = Release|x64
		{77C1B1F9-24C7-4406-86D1-263D58A707B7}.AppStore|x86.ActiveCfg = Release|x86
		{77C1B1F9-24C7-4406-86D1-263D58A707B7}.AppStore|x86.Build.0 = Release|x86
		{77C1B1F9-24C7-4406-86D1-263D58A707B7}.AppStore|x86.Deploy.0 = Release|x86
		{77C1B1F9-24C7-4406-86D1-263D58A707B7}.Debug|Any CPU.ActiveCfg = Debug|Any CPU
		{77C1B1F9-24C7-4406-86D1-263D58A707B7}.Debug|Any CPU.Build.0 = Debug|Any CPU
		{77C1B1F9-24C7-4406-86D1-263D58A707B7}.Debug|Any CPU.Deploy.0 = Debug|Any CPU
		{77C1B1F9-24C7-4406-86D1-263D58A707B7}.Debug|ARM.ActiveCfg = Debug|ARM
		{77C1B1F9-24C7-4406-86D1-263D58A707B7}.Debug|ARM.Build.0 = Debug|ARM
		{77C1B1F9-24C7-4406-86D1-263D58A707B7}.Debug|ARM.Deploy.0 = Debug|ARM
		{77C1B1F9-24C7-4406-86D1-263D58A707B7}.Debug|iPhone.ActiveCfg = Debug|Any CPU
		{77C1B1F9-24C7-4406-86D1-263D58A707B7}.Debug|iPhone.Build.0 = Debug|Any CPU
		{77C1B1F9-24C7-4406-86D1-263D58A707B7}.Debug|iPhone.Deploy.0 = Debug|Any CPU
		{77C1B1F9-24C7-4406-86D1-263D58A707B7}.Debug|iPhoneSimulator.ActiveCfg = Debug|Any CPU
		{77C1B1F9-24C7-4406-86D1-263D58A707B7}.Debug|iPhoneSimulator.Build.0 = Debug|Any CPU
		{77C1B1F9-24C7-4406-86D1-263D58A707B7}.Debug|iPhoneSimulator.Deploy.0 = Debug|Any CPU
		{77C1B1F9-24C7-4406-86D1-263D58A707B7}.Debug|x64.ActiveCfg = Debug|Any CPU
		{77C1B1F9-24C7-4406-86D1-263D58A707B7}.Debug|x64.Build.0 = Debug|Any CPU
		{77C1B1F9-24C7-4406-86D1-263D58A707B7}.Debug|x64.Deploy.0 = Debug|Any CPU
		{77C1B1F9-24C7-4406-86D1-263D58A707B7}.Debug|x86.ActiveCfg = Debug|x86
		{77C1B1F9-24C7-4406-86D1-263D58A707B7}.Debug|x86.Build.0 = Debug|x86
		{77C1B1F9-24C7-4406-86D1-263D58A707B7}.Debug|x86.Deploy.0 = Debug|x86
		{77C1B1F9-24C7-4406-86D1-263D58A707B7}.Release|Any CPU.ActiveCfg = Release|Any CPU
		{77C1B1F9-24C7-4406-86D1-263D58A707B7}.Release|Any CPU.Build.0 = Release|Any CPU
		{77C1B1F9-24C7-4406-86D1-263D58A707B7}.Release|Any CPU.Deploy.0 = Release|Any CPU
		{77C1B1F9-24C7-4406-86D1-263D58A707B7}.Release|ARM.ActiveCfg = Release|ARM
		{77C1B1F9-24C7-4406-86D1-263D58A707B7}.Release|ARM.Build.0 = Release|ARM
		{77C1B1F9-24C7-4406-86D1-263D58A707B7}.Release|ARM.Deploy.0 = Release|ARM
		{77C1B1F9-24C7-4406-86D1-263D58A707B7}.Release|iPhone.ActiveCfg = Release|Any CPU
		{77C1B1F9-24C7-4406-86D1-263D58A707B7}.Release|iPhone.Build.0 = Release|Any CPU
		{77C1B1F9-24C7-4406-86D1-263D58A707B7}.Release|iPhone.Deploy.0 = Release|Any CPU
		{77C1B1F9-24C7-4406-86D1-263D58A707B7}.Release|iPhoneSimulator.ActiveCfg = Release|Any CPU
		{77C1B1F9-24C7-4406-86D1-263D58A707B7}.Release|iPhoneSimulator.Build.0 = Release|Any CPU
		{77C1B1F9-24C7-4406-86D1-263D58A707B7}.Release|iPhoneSimulator.Deploy.0 = Release|Any CPU
		{77C1B1F9-24C7-4406-86D1-263D58A707B7}.Release|x64.ActiveCfg = Release|x64
		{77C1B1F9-24C7-4406-86D1-263D58A707B7}.Release|x64.Build.0 = Release|x64
		{77C1B1F9-24C7-4406-86D1-263D58A707B7}.Release|x64.Deploy.0 = Release|x64
		{77C1B1F9-24C7-4406-86D1-263D58A707B7}.Release|x86.ActiveCfg = Release|x86
		{77C1B1F9-24C7-4406-86D1-263D58A707B7}.Release|x86.Build.0 = Release|x86
		{77C1B1F9-24C7-4406-86D1-263D58A707B7}.Release|x86.Deploy.0 = Release|x86
	EndGlobalSection
	GlobalSection(SolutionProperties) = preSolution
		HideSolutionNode = FALSE
	EndGlobalSection
EndGlobal
