
Microsoft Visual Studio Solution File, Format Version 12.00
# Visual Studio 14
VisualStudioVersion = 14.0.25420.1
MinimumVisualStudioVersion = 10.0.40219.1
Project("{FAE04EC0-301F-11D3-BF4B-00C04F79EFBC}") = "TimekeeperDisplayApp", "TimekeeperDisplayApp\TimekeeperDisplayApp\TimekeeperDisplayApp.csproj", "{C2D2F84E-C58A-4A3C-A2FF-3FB87450A3D0}"
EndProject
Project("{FAE04EC0-301F-11D3-BF4B-00C04F79EFBC}") = "TimekeeperDisplayApp.Droid", "TimekeeperDisplayApp\TimekeeperDisplayApp.Droid\TimekeeperDisplayApp.Droid.csproj", "{C9F24F06-4510-406C-AD69-F8C095E5E4B2}"
EndProject
Project("{FAE04EC0-301F-11D3-BF4B-00C04F79EFBC}") = "TimekeeperDisplayApp.iOS", "TimekeeperDisplayApp\TimekeeperDisplayApp.iOS\TimekeeperDisplayApp.iOS.csproj", "{E2F96CB0-7732-4741-B582-7E9FF6A775A7}"
EndProject
Project("{FAE04EC0-301F-11D3-BF4B-00C04F79EFBC}") = "TimekeeperDisplayApp.WinPhone", "TimekeeperDisplayApp\TimekeeperDisplayApp.WinPhone\TimekeeperDisplayApp.WinPhone.csproj", "{C15A5DC1-5791-43A0-B270-DB12527C7220}"
EndProject
Project("{FAE04EC0-301F-11D3-BF4B-00C04F79EFBC}") = "TimekeeperDisplayApp.Windows", "TimekeeperDisplayApp\TimekeeperDisplayApp.Windows\TimekeeperDisplayApp.Windows.csproj", "{4668DD85-C2C4-4C33-9513-C9ABF410F53A}"
EndProject
Global
	GlobalSection(SolutionConfigurationPlatforms) = preSolution
		Ad-Hoc|Any CPU = Ad-Hoc|Any CPU
		Ad-Hoc|ARM = Ad-Hoc|ARM
		Ad-Hoc|iPhone = Ad-Hoc|iPhone
		Ad-Hoc|iPhoneSimulator = Ad-Hoc|iPhoneSimulator
		Ad-Hoc|x64 = Ad-Hoc|x64
		Ad-Hoc|x86 = Ad-Hoc|x86
		AppStore|Any CPU = AppStore|Any CPU
		AppStore|ARM = AppStore|ARM
		AppStore|iPhone = AppStore|iPhone
		AppStore|iPhoneSimulator = AppStore|iPhoneSimulator
		AppStore|x64 = AppStore|x64
		AppStore|x86 = AppStore|x86
		Debug|Any CPU = Debug|Any CPU
		Debug|ARM = Debug|ARM
		Debug|iPhone = Debug|iPhone
		Debug|iPhoneSimulator = Debug|iPhoneSimulator
		Debug|x64 = Debug|x64
		Debug|x86 = Debug|x86
		Release|Any CPU = Release|Any CPU
		Release|ARM = Release|ARM
		Release|iPhone = Release|iPhone
		Release|iPhoneSimulator = Release|iPhoneSimulator
		Release|x64 = Release|x64
		Release|x86 = Release|x86
	EndGlobalSection
	GlobalSection(ProjectConfigurationPlatforms) = postSolution
		{C2D2F84E-C58A-4A3C-A2FF-3FB87450A3D0}.Ad-Hoc|Any CPU.ActiveCfg = Release|Any CPU
		{C2D2F84E-C58A-4A3C-A2FF-3FB87450A3D0}.Ad-Hoc|Any CPU.Build.0 = Release|Any CPU
		{C2D2F84E-C58A-4A3C-A2FF-3FB87450A3D0}.Ad-Hoc|ARM.ActiveCfg = Release|Any CPU
		{C2D2F84E-C58A-4A3C-A2FF-3FB87450A3D0}.Ad-Hoc|ARM.Build.0 = Release|Any CPU
		{C2D2F84E-C58A-4A3C-A2FF-3FB87450A3D0}.Ad-Hoc|iPhone.ActiveCfg = Release|Any CPU
		{C2D2F84E-C58A-4A3C-A2FF-3FB87450A3D0}.Ad-Hoc|iPhone.Build.0 = Release|Any CPU
		{C2D2F84E-C58A-4A3C-A2FF-3FB87450A3D0}.Ad-Hoc|iPhoneSimulator.ActiveCfg = Release|Any CPU
		{C2D2F84E-C58A-4A3C-A2FF-3FB87450A3D0}.Ad-Hoc|iPhoneSimulator.Build.0 = Release|Any CPU
		{C2D2F84E-C58A-4A3C-A2FF-3FB87450A3D0}.Ad-Hoc|x64.ActiveCfg = Release|Any CPU
		{C2D2F84E-C58A-4A3C-A2FF-3FB87450A3D0}.Ad-Hoc|x64.Build.0 = Release|Any CPU
		{C2D2F84E-C58A-4A3C-A2FF-3FB87450A3D0}.Ad-Hoc|x86.ActiveCfg = Release|Any CPU
		{C2D2F84E-C58A-4A3C-A2FF-3FB87450A3D0}.Ad-Hoc|x86.Build.0 = Release|Any CPU
		{C2D2F84E-C58A-4A3C-A2FF-3FB87450A3D0}.AppStore|Any CPU.ActiveCfg = Release|Any CPU
		{C2D2F84E-C58A-4A3C-A2FF-3FB87450A3D0}.AppStore|Any CPU.Build.0 = Release|Any CPU
		{C2D2F84E-C58A-4A3C-A2FF-3FB87450A3D0}.AppStore|ARM.ActiveCfg = Release|Any CPU
		{C2D2F84E-C58A-4A3C-A2FF-3FB87450A3D0}.AppStore|ARM.Build.0 = Release|Any CPU
		{C2D2F84E-C58A-4A3C-A2FF-3FB87450A3D0}.AppStore|iPhone.ActiveCfg = Release|Any CPU
		{C2D2F84E-C58A-4A3C-A2FF-3FB87450A3D0}.AppStore|iPhone.Build.0 = Release|Any CPU
		{C2D2F84E-C58A-4A3C-A2FF-3FB87450A3D0}.AppStore|iPhoneSimulator.ActiveCfg = Release|Any CPU
		{C2D2F84E-C58A-4A3C-A2FF-3FB87450A3D0}.AppStore|iPhoneSimulator.Build.0 = Release|Any CPU
		{C2D2F84E-C58A-4A3C-A2FF-3FB87450A3D0}.AppStore|x64.ActiveCfg = Release|Any CPU
		{C2D2F84E-C58A-4A3C-A2FF-3FB87450A3D0}.AppStore|x64.Build.0 = Release|Any CPU
		{C2D2F84E-C58A-4A3C-A2FF-3FB87450A3D0}.AppStore|x86.ActiveCfg = Release|Any CPU
		{C2D2F84E-C58A-4A3C-A2FF-3FB87450A3D0}.AppStore|x86.Build.0 = Release|Any CPU
		{C2D2F84E-C58A-4A3C-A2FF-3FB87450A3D0}.Debug|Any CPU.ActiveCfg = Debug|Any CPU
		{C2D2F84E-C58A-4A3C-A2FF-3FB87450A3D0}.Debug|Any CPU.Build.0 = Debug|Any CPU
		{C2D2F84E-C58A-4A3C-A2FF-3FB87450A3D0}.Debug|ARM.ActiveCfg = Debug|Any CPU
		{C2D2F84E-C58A-4A3C-A2FF-3FB87450A3D0}.Debug|ARM.Build.0 = Debug|Any CPU
		{C2D2F84E-C58A-4A3C-A2FF-3FB87450A3D0}.Debug|iPhone.ActiveCfg = Debug|Any CPU
		{C2D2F84E-C58A-4A3C-A2FF-3FB87450A3D0}.Debug|iPhone.Build.0 = Debug|Any CPU
		{C2D2F84E-C58A-4A3C-A2FF-3FB87450A3D0}.Debug|iPhoneSimulator.ActiveCfg = Debug|Any CPU
		{C2D2F84E-C58A-4A3C-A2FF-3FB87450A3D0}.Debug|iPhoneSimulator.Build.0 = Debug|Any CPU
		{C2D2F84E-C58A-4A3C-A2FF-3FB87450A3D0}.Debug|x64.ActiveCfg = Debug|Any CPU
		{C2D2F84E-C58A-4A3C-A2FF-3FB87450A3D0}.Debug|x64.Build.0 = Debug|Any CPU
		{C2D2F84E-C58A-4A3C-A2FF-3FB87450A3D0}.Debug|x86.ActiveCfg = Debug|Any CPU
		{C2D2F84E-C58A-4A3C-A2FF-3FB87450A3D0}.Debug|x86.Build.0 = Debug|Any CPU
		{C2D2F84E-C58A-4A3C-A2FF-3FB87450A3D0}.Release|Any CPU.ActiveCfg = Release|Any CPU
		{C2D2F84E-C58A-4A3C-A2FF-3FB87450A3D0}.Release|Any CPU.Build.0 = Release|Any CPU
		{C2D2F84E-C58A-4A3C-A2FF-3FB87450A3D0}.Release|ARM.ActiveCfg = Release|Any CPU
		{C2D2F84E-C58A-4A3C-A2FF-3FB87450A3D0}.Release|ARM.Build.0 = Release|Any CPU
		{C2D2F84E-C58A-4A3C-A2FF-3FB87450A3D0}.Release|iPhone.ActiveCfg = Release|Any CPU
		{C2D2F84E-C58A-4A3C-A2FF-3FB87450A3D0}.Release|iPhone.Build.0 = Release|Any CPU
		{C2D2F84E-C58A-4A3C-A2FF-3FB87450A3D0}.Release|iPhoneSimulator.ActiveCfg = Release|Any CPU
		{C2D2F84E-C58A-4A3C-A2FF-3FB87450A3D0}.Release|iPhoneSimulator.Build.0 = Release|Any CPU
		{C2D2F84E-C58A-4A3C-A2FF-3FB87450A3D0}.Release|x64.ActiveCfg = Release|Any CPU
		{C2D2F84E-C58A-4A3C-A2FF-3FB87450A3D0}.Release|x64.Build.0 = Release|Any CPU
		{C2D2F84E-C58A-4A3C-A2FF-3FB87450A3D0}.Release|x86.ActiveCfg = Release|Any CPU
		{C2D2F84E-C58A-4A3C-A2FF-3FB87450A3D0}.Release|x86.Build.0 = Release|Any CPU
		{C9F24F06-4510-406C-AD69-F8C095E5E4B2}.Ad-Hoc|Any CPU.ActiveCfg = Release|Any CPU
		{C9F24F06-4510-406C-AD69-F8C095E5E4B2}.Ad-Hoc|Any CPU.Build.0 = Release|Any CPU
		{C9F24F06-4510-406C-AD69-F8C095E5E4B2}.Ad-Hoc|Any CPU.Deploy.0 = Release|Any CPU
		{C9F24F06-4510-406C-AD69-F8C095E5E4B2}.Ad-Hoc|ARM.ActiveCfg = Release|Any CPU
		{C9F24F06-4510-406C-AD69-F8C095E5E4B2}.Ad-Hoc|ARM.Build.0 = Release|Any CPU
		{C9F24F06-4510-406C-AD69-F8C095E5E4B2}.Ad-Hoc|ARM.Deploy.0 = Release|Any CPU
		{C9F24F06-4510-406C-AD69-F8C095E5E4B2}.Ad-Hoc|iPhone.ActiveCfg = Release|Any CPU
		{C9F24F06-4510-406C-AD69-F8C095E5E4B2}.Ad-Hoc|iPhone.Build.0 = Release|Any CPU
		{C9F24F06-4510-406C-AD69-F8C095E5E4B2}.Ad-Hoc|iPhone.Deploy.0 = Release|Any CPU
		{C9F24F06-4510-406C-AD69-F8C095E5E4B2}.Ad-Hoc|iPhoneSimulator.ActiveCfg = Release|Any CPU
		{C9F24F06-4510-406C-AD69-F8C095E5E4B2}.Ad-Hoc|iPhoneSimulator.Build.0 = Release|Any CPU
		{C9F24F06-4510-406C-AD69-F8C095E5E4B2}.Ad-Hoc|iPhoneSimulator.Deploy.0 = Release|Any CPU
		{C9F24F06-4510-406C-AD69-F8C095E5E4B2}.Ad-Hoc|x64.ActiveCfg = Release|Any CPU
		{C9F24F06-4510-406C-AD69-F8C095E5E4B2}.Ad-Hoc|x64.Build.0 = Release|Any CPU
		{C9F24F06-4510-406C-AD69-F8C095E5E4B2}.Ad-Hoc|x64.Deploy.0 = Release|Any CPU
		{C9F24F06-4510-406C-AD69-F8C095E5E4B2}.Ad-Hoc|x86.ActiveCfg = Release|Any CPU
		{C9F24F06-4510-406C-AD69-F8C095E5E4B2}.Ad-Hoc|x86.Build.0 = Release|Any CPU
		{C9F24F06-4510-406C-AD69-F8C095E5E4B2}.Ad-Hoc|x86.Deploy.0 = Release|Any CPU
		{C9F24F06-4510-406C-AD69-F8C095E5E4B2}.AppStore|Any CPU.ActiveCfg = Release|Any CPU
		{C9F24F06-4510-406C-AD69-F8C095E5E4B2}.AppStore|Any CPU.Build.0 = Release|Any CPU
		{C9F24F06-4510-406C-AD69-F8C095E5E4B2}.AppStore|Any CPU.Deploy.0 = Release|Any CPU
		{C9F24F06-4510-406C-AD69-F8C095E5E4B2}.AppStore|ARM.ActiveCfg = Release|Any CPU
		{C9F24F06-4510-406C-AD69-F8C095E5E4B2}.AppStore|ARM.Build.0 = Release|Any CPU
		{C9F24F06-4510-406C-AD69-F8C095E5E4B2}.AppStore|ARM.Deploy.0 = Release|Any CPU
		{C9F24F06-4510-406C-AD69-F8C095E5E4B2}.AppStore|iPhone.ActiveCfg = Release|Any CPU
		{C9F24F06-4510-406C-AD69-F8C095E5E4B2}.AppStore|iPhone.Build.0 = Release|Any CPU
		{C9F24F06-4510-406C-AD69-F8C095E5E4B2}.AppStore|iPhone.Deploy.0 = Release|Any CPU
		{C9F24F06-4510-406C-AD69-F8C095E5E4B2}.AppStore|iPhoneSimulator.ActiveCfg = Release|Any CPU
		{C9F24F06-4510-406C-AD69-F8C095E5E4B2}.AppStore|iPhoneSimulator.Build.0 = Release|Any CPU
		{C9F24F06-4510-406C-AD69-F8C095E5E4B2}.AppStore|iPhoneSimulator.Deploy.0 = Release|Any CPU
		{C9F24F06-4510-406C-AD69-F8C095E5E4B2}.AppStore|x64.ActiveCfg = Release|Any CPU
		{C9F24F06-4510-406C-AD69-F8C095E5E4B2}.AppStore|x64.Build.0 = Release|Any CPU
		{C9F24F06-4510-406C-AD69-F8C095E5E4B2}.AppStore|x64.Deploy.0 = Release|Any CPU
		{C9F24F06-4510-406C-AD69-F8C095E5E4B2}.AppStore|x86.ActiveCfg = Release|Any CPU
		{C9F24F06-4510-406C-AD69-F8C095E5E4B2}.AppStore|x86.Build.0 = Release|Any CPU
		{C9F24F06-4510-406C-AD69-F8C095E5E4B2}.AppStore|x86.Deploy.0 = Release|Any CPU
		{C9F24F06-4510-406C-AD69-F8C095E5E4B2}.Debug|Any CPU.ActiveCfg = Debug|Any CPU
		{C9F24F06-4510-406C-AD69-F8C095E5E4B2}.Debug|Any CPU.Build.0 = Debug|Any CPU
		{C9F24F06-4510-406C-AD69-F8C095E5E4B2}.Debug|Any CPU.Deploy.0 = Debug|Any CPU
		{C9F24F06-4510-406C-AD69-F8C095E5E4B2}.Debug|ARM.ActiveCfg = Debug|Any CPU
		{C9F24F06-4510-406C-AD69-F8C095E5E4B2}.Debug|ARM.Build.0 = Debug|Any CPU
		{C9F24F06-4510-406C-AD69-F8C095E5E4B2}.Debug|ARM.Deploy.0 = Debug|Any CPU
		{C9F24F06-4510-406C-AD69-F8C095E5E4B2}.Debug|iPhone.ActiveCfg = Debug|Any CPU
		{C9F24F06-4510-406C-AD69-F8C095E5E4B2}.Debug|iPhone.Build.0 = Debug|Any CPU
		{C9F24F06-4510-406C-AD69-F8C095E5E4B2}.Debug|iPhone.Deploy.0 = Debug|Any CPU
		{C9F24F06-4510-406C-AD69-F8C095E5E4B2}.Debug|iPhoneSimulator.ActiveCfg = Debug|Any CPU
		{C9F24F06-4510-406C-AD69-F8C095E5E4B2}.Debug|iPhoneSimulator.Build.0 = Debug|Any CPU
		{C9F24F06-4510-406C-AD69-F8C095E5E4B2}.Debug|iPhoneSimulator.Deploy.0 = Debug|Any CPU
		{C9F24F06-4510-406C-AD69-F8C095E5E4B2}.Debug|x64.ActiveCfg = Debug|Any CPU
		{C9F24F06-4510-406C-AD69-F8C095E5E4B2}.Debug|x64.Build.0 = Debug|Any CPU
		{C9F24F06-4510-406C-AD69-F8C095E5E4B2}.Debug|x64.Deploy.0 = Debug|Any CPU
		{C9F24F06-4510-406C-AD69-F8C095E5E4B2}.Debug|x86.ActiveCfg = Debug|Any CPU
		{C9F24F06-4510-406C-AD69-F8C095E5E4B2}.Debug|x86.Build.0 = Debug|Any CPU
		{C9F24F06-4510-406C-AD69-F8C095E5E4B2}.Debug|x86.Deploy.0 = Debug|Any CPU
		{C9F24F06-4510-406C-AD69-F8C095E5E4B2}.Release|Any CPU.ActiveCfg = Release|Any CPU
		{C9F24F06-4510-406C-AD69-F8C095E5E4B2}.Release|Any CPU.Build.0 = Release|Any CPU
		{C9F24F06-4510-406C-AD69-F8C095E5E4B2}.Release|Any CPU.Deploy.0 = Release|Any CPU
		{C9F24F06-4510-406C-AD69-F8C095E5E4B2}.Release|ARM.ActiveCfg = Release|Any CPU
		{C9F24F06-4510-406C-AD69-F8C095E5E4B2}.Release|ARM.Build.0 = Release|Any CPU
		{C9F24F06-4510-406C-AD69-F8C095E5E4B2}.Release|ARM.Deploy.0 = Release|Any CPU
		{C9F24F06-4510-406C-AD69-F8C095E5E4B2}.Release|iPhone.ActiveCfg = Release|Any CPU
		{C9F24F06-4510-406C-AD69-F8C095E5E4B2}.Release|iPhone.Build.0 = Release|Any CPU
		{C9F24F06-4510-406C-AD69-F8C095E5E4B2}.Release|iPhone.Deploy.0 = Release|Any CPU
		{C9F24F06-4510-406C-AD69-F8C095E5E4B2}.Release|iPhoneSimulator.ActiveCfg = Release|Any CPU
		{C9F24F06-4510-406C-AD69-F8C095E5E4B2}.Release|iPhoneSimulator.Build.0 = Release|Any CPU
		{C9F24F06-4510-406C-AD69-F8C095E5E4B2}.Release|iPhoneSimulator.Deploy.0 = Release|Any CPU
		{C9F24F06-4510-406C-AD69-F8C095E5E4B2}.Release|x64.ActiveCfg = Release|Any CPU
		{C9F24F06-4510-406C-AD69-F8C095E5E4B2}.Release|x64.Build.0 = Release|Any CPU
		{C9F24F06-4510-406C-AD69-F8C095E5E4B2}.Release|x64.Deploy.0 = Release|Any CPU
		{C9F24F06-4510-406C-AD69-F8C095E5E4B2}.Release|x86.ActiveCfg = Release|Any CPU
		{C9F24F06-4510-406C-AD69-F8C095E5E4B2}.Release|x86.Build.0 = Release|Any CPU
		{C9F24F06-4510-406C-AD69-F8C095E5E4B2}.Release|x86.Deploy.0 = Release|Any CPU
		{E2F96CB0-7732-4741-B582-7E9FF6A775A7}.Ad-Hoc|Any CPU.ActiveCfg = Ad-Hoc|iPhone
		{E2F96CB0-7732-4741-B582-7E9FF6A775A7}.Ad-Hoc|ARM.ActiveCfg = Ad-Hoc|iPhone
		{E2F96CB0-7732-4741-B582-7E9FF6A775A7}.Ad-Hoc|iPhone.ActiveCfg = Ad-Hoc|iPhone
		{E2F96CB0-7732-4741-B582-7E9FF6A775A7}.Ad-Hoc|iPhone.Build.0 = Ad-Hoc|iPhone
		{E2F96CB0-7732-4741-B582-7E9FF6A775A7}.Ad-Hoc|iPhoneSimulator.ActiveCfg = Ad-Hoc|iPhoneSimulator
		{E2F96CB0-7732-4741-B582-7E9FF6A775A7}.Ad-Hoc|iPhoneSimulator.Build.0 = Ad-Hoc|iPhoneSimulator
		{E2F96CB0-7732-4741-B582-7E9FF6A775A7}.Ad-Hoc|x64.ActiveCfg = Ad-Hoc|iPhone
		{E2F96CB0-7732-4741-B582-7E9FF6A775A7}.Ad-Hoc|x86.ActiveCfg = Ad-Hoc|iPhone
		{E2F96CB0-7732-4741-B582-7E9FF6A775A7}.AppStore|Any CPU.ActiveCfg = AppStore|iPhone
		{E2F96CB0-7732-4741-B582-7E9FF6A775A7}.AppStore|ARM.ActiveCfg = AppStore|iPhone
		{E2F96CB0-7732-4741-B582-7E9FF6A775A7}.AppStore|iPhone.ActiveCfg = AppStore|iPhone
		{E2F96CB0-7732-4741-B582-7E9FF6A775A7}.AppStore|iPhone.Build.0 = AppStore|iPhone
		{E2F96CB0-7732-4741-B582-7E9FF6A775A7}.AppStore|iPhoneSimulator.ActiveCfg = AppStore|iPhoneSimulator
		{E2F96CB0-7732-4741-B582-7E9FF6A775A7}.AppStore|iPhoneSimulator.Build.0 = AppStore|iPhoneSimulator
		{E2F96CB0-7732-4741-B582-7E9FF6A775A7}.AppStore|x64.ActiveCfg = AppStore|iPhone
		{E2F96CB0-7732-4741-B582-7E9FF6A775A7}.AppStore|x86.ActiveCfg = AppStore|iPhone
		{E2F96CB0-7732-4741-B582-7E9FF6A775A7}.Debug|Any CPU.ActiveCfg = Debug|iPhone
		{E2F96CB0-7732-4741-B582-7E9FF6A775A7}.Debug|ARM.ActiveCfg = Debug|iPhone
		{E2F96CB0-7732-4741-B582-7E9FF6A775A7}.Debug|iPhone.ActiveCfg = Debug|iPhone
		{E2F96CB0-7732-4741-B582-7E9FF6A775A7}.Debug|iPhone.Build.0 = Debug|iPhone
		{E2F96CB0-7732-4741-B582-7E9FF6A775A7}.Debug|iPhoneSimulator.ActiveCfg = Debug|iPhoneSimulator
		{E2F96CB0-7732-4741-B582-7E9FF6A775A7}.Debug|iPhoneSimulator.Build.0 = Debug|iPhoneSimulator
		{E2F96CB0-7732-4741-B582-7E9FF6A775A7}.Debug|x64.ActiveCfg = Debug|iPhone
		{E2F96CB0-7732-4741-B582-7E9FF6A775A7}.Debug|x86.ActiveCfg = Debug|iPhone
		{E2F96CB0-7732-4741-B582-7E9FF6A775A7}.Release|Any CPU.ActiveCfg = Release|iPhone
		{E2F96CB0-7732-4741-B582-7E9FF6A775A7}.Release|ARM.ActiveCfg = Release|iPhone
		{E2F96CB0-7732-4741-B582-7E9FF6A775A7}.Release|iPhone.ActiveCfg = Release|iPhone
		{E2F96CB0-7732-4741-B582-7E9FF6A775A7}.Release|iPhone.Build.0 = Release|iPhone
		{E2F96CB0-7732-4741-B582-7E9FF6A775A7}.Release|iPhoneSimulator.ActiveCfg = Release|iPhoneSimulator
		{E2F96CB0-7732-4741-B582-7E9FF6A775A7}.Release|iPhoneSimulator.Build.0 = Release|iPhoneSimulator
		{E2F96CB0-7732-4741-B582-7E9FF6A775A7}.Release|x64.ActiveCfg = Release|iPhone
		{E2F96CB0-7732-4741-B582-7E9FF6A775A7}.Release|x86.ActiveCfg = Release|iPhone
		{C15A5DC1-5791-43A0-B270-DB12527C7220}.Ad-Hoc|Any CPU.ActiveCfg = Release|Any CPU
		{C15A5DC1-5791-43A0-B270-DB12527C7220}.Ad-Hoc|Any CPU.Build.0 = Release|Any CPU
		{C15A5DC1-5791-43A0-B270-DB12527C7220}.Ad-Hoc|Any CPU.Deploy.0 = Release|Any CPU
		{C15A5DC1-5791-43A0-B270-DB12527C7220}.Ad-Hoc|ARM.ActiveCfg = Release|ARM
		{C15A5DC1-5791-43A0-B270-DB12527C7220}.Ad-Hoc|ARM.Build.0 = Release|ARM
		{C15A5DC1-5791-43A0-B270-DB12527C7220}.Ad-Hoc|ARM.Deploy.0 = Release|ARM
		{C15A5DC1-5791-43A0-B270-DB12527C7220}.Ad-Hoc|iPhone.ActiveCfg = Release|Any CPU
		{C15A5DC1-5791-43A0-B270-DB12527C7220}.Ad-Hoc|iPhone.Build.0 = Release|Any CPU
		{C15A5DC1-5791-43A0-B270-DB12527C7220}.Ad-Hoc|iPhone.Deploy.0 = Release|Any CPU
		{C15A5DC1-5791-43A0-B270-DB12527C7220}.Ad-Hoc|iPhoneSimulator.ActiveCfg = Release|Any CPU
		{C15A5DC1-5791-43A0-B270-DB12527C7220}.Ad-Hoc|iPhoneSimulator.Build.0 = Release|Any CPU
		{C15A5DC1-5791-43A0-B270-DB12527C7220}.Ad-Hoc|iPhoneSimulator.Deploy.0 = Release|Any CPU
		{C15A5DC1-5791-43A0-B270-DB12527C7220}.Ad-Hoc|x64.ActiveCfg = Release|Any CPU
		{C15A5DC1-5791-43A0-B270-DB12527C7220}.Ad-Hoc|x64.Build.0 = Release|Any CPU
		{C15A5DC1-5791-43A0-B270-DB12527C7220}.Ad-Hoc|x64.Deploy.0 = Release|Any CPU
		{C15A5DC1-5791-43A0-B270-DB12527C7220}.Ad-Hoc|x86.ActiveCfg = Release|x86
		{C15A5DC1-5791-43A0-B270-DB12527C7220}.Ad-Hoc|x86.Build.0 = Release|x86
		{C15A5DC1-5791-43A0-B270-DB12527C7220}.Ad-Hoc|x86.Deploy.0 = Release|x86
		{C15A5DC1-5791-43A0-B270-DB12527C7220}.AppStore|Any CPU.ActiveCfg = Release|Any CPU
		{C15A5DC1-5791-43A0-B270-DB12527C7220}.AppStore|Any CPU.Build.0 = Release|Any CPU
		{C15A5DC1-5791-43A0-B270-DB12527C7220}.AppStore|Any CPU.Deploy.0 = Release|Any CPU
		{C15A5DC1-5791-43A0-B270-DB12527C7220}.AppStore|ARM.ActiveCfg = Release|ARM
		{C15A5DC1-5791-43A0-B270-DB12527C7220}.AppStore|ARM.Build.0 = Release|ARM
		{C15A5DC1-5791-43A0-B270-DB12527C7220}.AppStore|ARM.Deploy.0 = Release|ARM
		{C15A5DC1-5791-43A0-B270-DB12527C7220}.AppStore|iPhone.ActiveCfg = Release|Any CPU
		{C15A5DC1-5791-43A0-B270-DB12527C7220}.AppStore|iPhone.Build.0 = Release|Any CPU
		{C15A5DC1-5791-43A0-B270-DB12527C7220}.AppStore|iPhone.Deploy.0 = Release|Any CPU
		{C15A5DC1-5791-43A0-B270-DB12527C7220}.AppStore|iPhoneSimulator.ActiveCfg = Release|Any CPU
		{C15A5DC1-5791-43A0-B270-DB12527C7220}.AppStore|iPhoneSimulator.Build.0 = Release|Any CPU
		{C15A5DC1-5791-43A0-B270-DB12527C7220}.AppStore|iPhoneSimulator.Deploy.0 = Release|Any CPU
		{C15A5DC1-5791-43A0-B270-DB12527C7220}.AppStore|x64.ActiveCfg = Release|Any CPU
		{C15A5DC1-5791-43A0-B270-DB12527C7220}.AppStore|x64.Build.0 = Release|Any CPU
		{C15A5DC1-5791-43A0-B270-DB12527C7220}.AppStore|x64.Deploy.0 = Release|Any CPU
		{C15A5DC1-5791-43A0-B270-DB12527C7220}.AppStore|x86.ActiveCfg = Release|x86
		{C15A5DC1-5791-43A0-B270-DB12527C7220}.AppStore|x86.Build.0 = Release|x86
		{C15A5DC1-5791-43A0-B270-DB12527C7220}.AppStore|x86.Deploy.0 = Release|x86
		{C15A5DC1-5791-43A0-B270-DB12527C7220}.Debug|Any CPU.ActiveCfg = Debug|Any CPU
		{C15A5DC1-5791-43A0-B270-DB12527C7220}.Debug|Any CPU.Build.0 = Debug|Any CPU
		{C15A5DC1-5791-43A0-B270-DB12527C7220}.Debug|Any CPU.Deploy.0 = Debug|Any CPU
		{C15A5DC1-5791-43A0-B270-DB12527C7220}.Debug|ARM.ActiveCfg = Debug|ARM
		{C15A5DC1-5791-43A0-B270-DB12527C7220}.Debug|ARM.Build.0 = Debug|ARM
		{C15A5DC1-5791-43A0-B270-DB12527C7220}.Debug|ARM.Deploy.0 = Debug|ARM
		{C15A5DC1-5791-43A0-B270-DB12527C7220}.Debug|iPhone.ActiveCfg = Debug|Any CPU
		{C15A5DC1-5791-43A0-B270-DB12527C7220}.Debug|iPhone.Build.0 = Debug|Any CPU
		{C15A5DC1-5791-43A0-B270-DB12527C7220}.Debug|iPhone.Deploy.0 = Debug|Any CPU
		{C15A5DC1-5791-43A0-B270-DB12527C7220}.Debug|iPhoneSimulator.ActiveCfg = Debug|Any CPU
		{C15A5DC1-5791-43A0-B270-DB12527C7220}.Debug|iPhoneSimulator.Build.0 = Debug|Any CPU
		{C15A5DC1-5791-43A0-B270-DB12527C7220}.Debug|iPhoneSimulator.Deploy.0 = Debug|Any CPU
		{C15A5DC1-5791-43A0-B270-DB12527C7220}.Debug|x64.ActiveCfg = Debug|Any CPU
		{C15A5DC1-5791-43A0-B270-DB12527C7220}.Debug|x64.Build.0 = Debug|Any CPU
		{C15A5DC1-5791-43A0-B270-DB12527C7220}.Debug|x64.Deploy.0 = Debug|Any CPU
		{C15A5DC1-5791-43A0-B270-DB12527C7220}.Debug|x86.ActiveCfg = Debug|x86
		{C15A5DC1-5791-43A0-B270-DB12527C7220}.Debug|x86.Build.0 = Debug|x86
		{C15A5DC1-5791-43A0-B270-DB12527C7220}.Debug|x86.Deploy.0 = Debug|x86
		{C15A5DC1-5791-43A0-B270-DB12527C7220}.Release|Any CPU.ActiveCfg = Release|Any CPU
		{C15A5DC1-5791-43A0-B270-DB12527C7220}.Release|Any CPU.Build.0 = Release|Any CPU
		{C15A5DC1-5791-43A0-B270-DB12527C7220}.Release|Any CPU.Deploy.0 = Release|Any CPU
		{C15A5DC1-5791-43A0-B270-DB12527C7220}.Release|ARM.ActiveCfg = Release|ARM
		{C15A5DC1-5791-43A0-B270-DB12527C7220}.Release|ARM.Build.0 = Release|ARM
		{C15A5DC1-5791-43A0-B270-DB12527C7220}.Release|ARM.Deploy.0 = Release|ARM
		{C15A5DC1-5791-43A0-B270-DB12527C7220}.Release|iPhone.ActiveCfg = Release|Any CPU
		{C15A5DC1-5791-43A0-B270-DB12527C7220}.Release|iPhone.Build.0 = Release|Any CPU
		{C15A5DC1-5791-43A0-B270-DB12527C7220}.Release|iPhone.Deploy.0 = Release|Any CPU
		{C15A5DC1-5791-43A0-B270-DB12527C7220}.Release|iPhoneSimulator.ActiveCfg = Release|Any CPU
		{C15A5DC1-5791-43A0-B270-DB12527C7220}.Release|iPhoneSimulator.Build.0 = Release|Any CPU
		{C15A5DC1-5791-43A0-B270-DB12527C7220}.Release|iPhoneSimulator.Deploy.0 = Release|Any CPU
		{C15A5DC1-5791-43A0-B270-DB12527C7220}.Release|x64.ActiveCfg = Release|Any CPU
		{C15A5DC1-5791-43A0-B270-DB12527C7220}.Release|x64.Build.0 = Release|Any CPU
		{C15A5DC1-5791-43A0-B270-DB12527C7220}.Release|x64.Deploy.0 = Release|Any CPU
		{C15A5DC1-5791-43A0-B270-DB12527C7220}.Release|x86.ActiveCfg = Release|x86
		{C15A5DC1-5791-43A0-B270-DB12527C7220}.Release|x86.Build.0 = Release|x86
		{C15A5DC1-5791-43A0-B270-DB12527C7220}.Release|x86.Deploy.0 = Release|x86
		{4668DD85-C2C4-4C33-9513-C9ABF410F53A}.Ad-Hoc|Any CPU.ActiveCfg = Release|Any CPU
		{4668DD85-C2C4-4C33-9513-C9ABF410F53A}.Ad-Hoc|Any CPU.Build.0 = Release|Any CPU
		{4668DD85-C2C4-4C33-9513-C9ABF410F53A}.Ad-Hoc|Any CPU.Deploy.0 = Release|Any CPU
		{4668DD85-C2C4-4C33-9513-C9ABF410F53A}.Ad-Hoc|ARM.ActiveCfg = Release|ARM
		{4668DD85-C2C4-4C33-9513-C9ABF410F53A}.Ad-Hoc|ARM.Build.0 = Release|ARM
		{4668DD85-C2C4-4C33-9513-C9ABF410F53A}.Ad-Hoc|ARM.Deploy.0 = Release|ARM
		{4668DD85-C2C4-4C33-9513-C9ABF410F53A}.Ad-Hoc|iPhone.ActiveCfg = Release|Any CPU
		{4668DD85-C2C4-4C33-9513-C9ABF410F53A}.Ad-Hoc|iPhone.Build.0 = Release|Any CPU
		{4668DD85-C2C4-4C33-9513-C9ABF410F53A}.Ad-Hoc|iPhone.Deploy.0 = Release|Any CPU
		{4668DD85-C2C4-4C33-9513-C9ABF410F53A}.Ad-Hoc|iPhoneSimulator.ActiveCfg = Release|Any CPU
		{4668DD85-C2C4-4C33-9513-C9ABF410F53A}.Ad-Hoc|iPhoneSimulator.Build.0 = Release|Any CPU
		{4668DD85-C2C4-4C33-9513-C9ABF410F53A}.Ad-Hoc|iPhoneSimulator.Deploy.0 = Release|Any CPU
		{4668DD85-C2C4-4C33-9513-C9ABF410F53A}.Ad-Hoc|x64.ActiveCfg = Release|x64
		{4668DD85-C2C4-4C33-9513-C9ABF410F53A}.Ad-Hoc|x64.Build.0 = Release|x64
		{4668DD85-C2C4-4C33-9513-C9ABF410F53A}.Ad-Hoc|x64.Deploy.0 = Release|x64
		{4668DD85-C2C4-4C33-9513-C9ABF410F53A}.Ad-Hoc|x86.ActiveCfg = Release|x86
		{4668DD85-C2C4-4C33-9513-C9ABF410F53A}.Ad-Hoc|x86.Build.0 = Release|x86
		{4668DD85-C2C4-4C33-9513-C9ABF410F53A}.Ad-Hoc|x86.Deploy.0 = Release|x86
		{4668DD85-C2C4-4C33-9513-C9ABF410F53A}.AppStore|Any CPU.ActiveCfg = Release|Any CPU
		{4668DD85-C2C4-4C33-9513-C9ABF410F53A}.AppStore|Any CPU.Build.0 = Release|Any CPU
		{4668DD85-C2C4-4C33-9513-C9ABF410F53A}.AppStore|Any CPU.Deploy.0 = Release|Any CPU
		{4668DD85-C2C4-4C33-9513-C9ABF410F53A}.AppStore|ARM.ActiveCfg = Release|ARM
		{4668DD85-C2C4-4C33-9513-C9ABF410F53A}.AppStore|ARM.Build.0 = Release|ARM
		{4668DD85-C2C4-4C33-9513-C9ABF410F53A}.AppStore|ARM.Deploy.0 = Release|ARM
		{4668DD85-C2C4-4C33-9513-C9ABF410F53A}.AppStore|iPhone.ActiveCfg = Release|Any CPU
		{4668DD85-C2C4-4C33-9513-C9ABF410F53A}.AppStore|iPhone.Build.0 = Release|Any CPU
		{4668DD85-C2C4-4C33-9513-C9ABF410F53A}.AppStore|iPhone.Deploy.0 = Release|Any CPU
		{4668DD85-C2C4-4C33-9513-C9ABF410F53A}.AppStore|iPhoneSimulator.ActiveCfg = Release|Any CPU
		{4668DD85-C2C4-4C33-9513-C9ABF410F53A}.AppStore|iPhoneSimulator.Build.0 = Release|Any CPU
		{4668DD85-C2C4-4C33-9513-C9ABF410F53A}.AppStore|iPhoneSimulator.Deploy.0 = Release|Any CPU
		{4668DD85-C2C4-4C33-9513-C9ABF410F53A}.AppStore|x64.ActiveCfg = Release|x64
		{4668DD85-C2C4-4C33-9513-C9ABF410F53A}.AppStore|x64.Build.0 = Release|x64
		{4668DD85-C2C4-4C33-9513-C9ABF410F53A}.AppStore|x64.Deploy.0 = Release|x64
		{4668DD85-C2C4-4C33-9513-C9ABF410F53A}.AppStore|x86.ActiveCfg = Release|x86
		{4668DD85-C2C4-4C33-9513-C9ABF410F53A}.AppStore|x86.Build.0 = Release|x86
		{4668DD85-C2C4-4C33-9513-C9ABF410F53A}.AppStore|x86.Deploy.0 = Release|x86
		{4668DD85-C2C4-4C33-9513-C9ABF410F53A}.Debug|Any CPU.ActiveCfg = Debug|Any CPU
		{4668DD85-C2C4-4C33-9513-C9ABF410F53A}.Debug|Any CPU.Build.0 = Debug|Any CPU
		{4668DD85-C2C4-4C33-9513-C9ABF410F53A}.Debug|Any CPU.Deploy.0 = Debug|Any CPU
		{4668DD85-C2C4-4C33-9513-C9ABF410F53A}.Debug|ARM.ActiveCfg = Debug|ARM
		{4668DD85-C2C4-4C33-9513-C9ABF410F53A}.Debug|ARM.Build.0 = Debug|ARM
		{4668DD85-C2C4-4C33-9513-C9ABF410F53A}.Debug|ARM.Deploy.0 = Debug|ARM
		{4668DD85-C2C4-4C33-9513-C9ABF410F53A}.Debug|iPhone.ActiveCfg = Debug|Any CPU
		{4668DD85-C2C4-4C33-9513-C9ABF410F53A}.Debug|iPhone.Build.0 = Debug|Any CPU
		{4668DD85-C2C4-4C33-9513-C9ABF410F53A}.Debug|iPhone.Deploy.0 = Debug|Any CPU
		{4668DD85-C2C4-4C33-9513-C9ABF410F53A}.Debug|iPhoneSimulator.ActiveCfg = Debug|Any CPU
		{4668DD85-C2C4-4C33-9513-C9ABF410F53A}.Debug|iPhoneSimulator.Build.0 = Debug|Any CPU
		{4668DD85-C2C4-4C33-9513-C9ABF410F53A}.Debug|iPhoneSimulator.Deploy.0 = Debug|Any CPU
		{4668DD85-C2C4-4C33-9513-C9ABF410F53A}.Debug|x64.ActiveCfg = Debug|x64
		{4668DD85-C2C4-4C33-9513-C9ABF410F53A}.Debug|x64.Build.0 = Debug|x64
		{4668DD85-C2C4-4C33-9513-C9ABF410F53A}.Debug|x64.Deploy.0 = Debug|x64
		{4668DD85-C2C4-4C33-9513-C9ABF410F53A}.Debug|x86.ActiveCfg = Debug|x86
		{4668DD85-C2C4-4C33-9513-C9ABF410F53A}.Debug|x86.Build.0 = Debug|x86
		{4668DD85-C2C4-4C33-9513-C9ABF410F53A}.Debug|x86.Deploy.0 = Debug|x86
		{4668DD85-C2C4-4C33-9513-C9ABF410F53A}.Release|Any CPU.ActiveCfg = Release|Any CPU
		{4668DD85-C2C4-4C33-9513-C9ABF410F53A}.Release|Any CPU.Build.0 = Release|Any CPU
		{4668DD85-C2C4-4C33-9513-C9ABF410F53A}.Release|Any CPU.Deploy.0 = Release|Any CPU
		{4668DD85-C2C4-4C33-9513-C9ABF410F53A}.Release|ARM.ActiveCfg = Release|ARM
		{4668DD85-C2C4-4C33-9513-C9ABF410F53A}.Release|ARM.Build.0 = Release|ARM
		{4668DD85-C2C4-4C33-9513-C9ABF410F53A}.Release|ARM.Deploy.0 = Release|ARM
		{4668DD85-C2C4-4C33-9513-C9ABF410F53A}.Release|iPhone.ActiveCfg = Release|Any CPU
		{4668DD85-C2C4-4C33-9513-C9ABF410F53A}.Release|iPhone.Build.0 = Release|Any CPU
		{4668DD85-C2C4-4C33-9513-C9ABF410F53A}.Release|iPhone.Deploy.0 = Release|Any CPU
		{4668DD85-C2C4-4C33-9513-C9ABF410F53A}.Release|iPhoneSimulator.ActiveCfg = Release|Any CPU
		{4668DD85-C2C4-4C33-9513-C9ABF410F53A}.Release|iPhoneSimulator.Build.0 = Release|Any CPU
		{4668DD85-C2C4-4C33-9513-C9ABF410F53A}.Release|iPhoneSimulator.Deploy.0 = Release|Any CPU
		{4668DD85-C2C4-4C33-9513-C9ABF410F53A}.Release|x64.ActiveCfg = Release|x64
		{4668DD85-C2C4-4C33-9513-C9ABF410F53A}.Release|x64.Build.0 = Release|x64
		{4668DD85-C2C4-4C33-9513-C9ABF410F53A}.Release|x64.Deploy.0 = Release|x64
		{4668DD85-C2C4-4C33-9513-C9ABF410F53A}.Release|x86.ActiveCfg = Release|x86
		{4668DD85-C2C4-4C33-9513-C9ABF410F53A}.Release|x86.Build.0 = Release|x86
		{4668DD85-C2C4-4C33-9513-C9ABF410F53A}.Release|x86.Deploy.0 = Release|x86
	EndGlobalSection
	GlobalSection(SolutionProperties) = preSolution
		HideSolutionNode = FALSE
	EndGlobalSection
EndGlobal
